// !$*UTF8*$!
{
	archiveVersion = 1;
	classes = {
	};
	objectVersion = 50;
	objects = {

/* Begin PBXBuildFile section */
		78F539C0259FE77E00FEC89F /* BicycleRentApp.swift in Sources */ = {isa = PBXBuildFile; fileRef = 78F539BF259FE77E00FEC89F /* BicycleRentApp.swift */; };
		78F539C2259FE77E00FEC89F /* ContentView.swift in Sources */ = {isa = PBXBuildFile; fileRef = 78F539C1259FE77E00FEC89F /* ContentView.swift */; };
		78F539C4259FE78100FEC89F /* Assets.xcassets in Resources */ = {isa = PBXBuildFile; fileRef = 78F539C3259FE78100FEC89F /* Assets.xcassets */; };
		78F539C7259FE78100FEC89F /* Preview Assets.xcassets in Resources */ = {isa = PBXBuildFile; fileRef = 78F539C6259FE78100FEC89F /* Preview Assets.xcassets */; };
		78F539D0259FEFA700FEC89F /* SecondView.swift in Sources */ = {isa = PBXBuildFile; fileRef = 78F539CF259FEFA700FEC89F /* SecondView.swift */; };
		78F53A2025A3C08800FEC89F /* Bicycle.swift in Sources */ = {isa = PBXBuildFile; fileRef = 78F53A1F25A3C08800FEC89F /* Bicycle.swift */; };
		78F53A2425A3C6C800FEC89F /* ThirdView.swift in Sources */ = {isa = PBXBuildFile; fileRef = 78F53A2325A3C6C800FEC89F /* ThirdView.swift */; };
/* End PBXBuildFile section */

/* Begin PBXFileReference section */
		78F539BC259FE77E00FEC89F /* BicycleRent.app */ = {isa = PBXFileReference; explicitFileType = wrapper.application; includeInIndex = 0; path = BicycleRent.app; sourceTree = BUILT_PRODUCTS_DIR; };
		78F539BF259FE77E00FEC89F /* BicycleRentApp.swift */ = {isa = PBXFileReference; lastKnownFileType = sourcecode.swift; path = BicycleRentApp.swift; sourceTree = "<group>"; };
		78F539C1259FE77E00FEC89F /* ContentView.swift */ = {isa = PBXFileReference; lastKnownFileType = sourcecode.swift; path = ContentView.swift; sourceTree = "<group>"; };
		78F539C3259FE78100FEC89F /* Assets.xcassets */ = {isa = PBXFileReference; lastKnownFileType = folder.assetcatalog; path = Assets.xcassets; sourceTree = "<group>"; };
		78F539C6259FE78100FEC89F /* Preview Assets.xcassets */ = {isa = PBXFileReference; lastKnownFileType = folder.assetcatalog; path = "Preview Assets.xcassets"; sourceTree = "<group>"; };
		78F539C8259FE78100FEC89F /* Info.plist */ = {isa = PBXFileReference; lastKnownFileType = text.plist.xml; path = Info.plist; sourceTree = "<group>"; };
		78F539CF259FEFA700FEC89F /* SecondView.swift */ = {isa = PBXFileReference; lastKnownFileType = sourcecode.swift; path = SecondView.swift; sourceTree = "<group>"; };
		78F53A1F25A3C08800FEC89F /* Bicycle.swift */ = {isa = PBXFileReference; lastKnownFileType = sourcecode.swift; path = Bicycle.swift; sourceTree = "<group>"; };
		78F53A2325A3C6C800FEC89F /* ThirdView.swift */ = {isa = PBXFileReference; lastKnownFileType = sourcecode.swift; path = ThirdView.swift; sourceTree = "<group>"; };
/* End PBXFileReference section */

/* Begin PBXFrameworksBuildPhase section */
		78F539B9259FE77E00FEC89F /* Frameworks */ = {
			isa = PBXFrameworksBuildPhase;
			buildActionMask = 2147483647;
			files = (
			);
			runOnlyForDeploymentPostprocessing = 0;
		};
/* End PBXFrameworksBuildPhase section */

/* Begin PBXGroup section */
		78F539B3259FE77E00FEC89F = {
			isa = PBXGroup;
			children = (
				78F539BE259FE77E00FEC89F /* BicycleRent */,
				78F539BD259FE77E00FEC89F /* Products */,
			);
			sourceTree = "<group>";
		};
		78F539BD259FE77E00FEC89F /* Products */ = {
			isa = PBXGroup;
			children = (
				78F539BC259FE77E00FEC89F /* BicycleRent.app */,
			);
			name = Products;
			sourceTree = "<group>";
		};
		78F539BE259FE77E00FEC89F /* BicycleRent */ = {
			isa = PBXGroup;
			children = (
				78F539BF259FE77E00FEC89F /* BicycleRentApp.swift */,
				78F539C1259FE77E00FEC89F /* ContentView.swift */,
				78F53A1E25A3C07100FEC89F /* Models */,
				78F539CF259FEFA700FEC89F /* SecondView.swift */,
				78F53A2325A3C6C800FEC89F /* ThirdView.swift */,
				78F539C3259FE78100FEC89F /* Assets.xcassets */,
				78F539C8259FE78100FEC89F /* Info.plist */,
				78F539C5259FE78100FEC89F /* Preview Content */,
			);
			path = BicycleRent;
			sourceTree = "<group>";
		};
		78F539C5259FE78100FEC89F /* Preview Content */ = {
			isa = PBXGroup;
			children = (
				78F539C6259FE78100FEC89F /* Preview Assets.xcassets */,
			);
			path = "Preview Content";
			sourceTree = "<group>";
		};
		78F53A1E25A3C07100FEC89F /* Models */ = {
			isa = PBXGroup;
			children = (
				78F53A1F25A3C08800FEC89F /* Bicycle.swift */,
			);
			path = Models;
			sourceTree = "<group>";
		};
/* End PBXGroup section */

/* Begin PBXNativeTarget section */
		78F539BB259FE77E00FEC89F /* BicycleRent */ = {
			isa = PBXNativeTarget;
			buildConfigurationList = 78F539CB259FE78100FEC89F /* Build configuration list for PBXNativeTarget "BicycleRent" */;
			buildPhases = (
				78F539B8259FE77E00FEC89F /* Sources */,
				78F539B9259FE77E00FEC89F /* Frameworks */,
				78F539BA259FE77E00FEC89F /* Resources */,
			);
			buildRules = (
			);
			dependencies = (
			);
			name = BicycleRent;
			productName = BicycleRent;
			productReference = 78F539BC259FE77E00FEC89F /* BicycleRent.app */;
			productType = "com.apple.product-type.application";
		};
/* End PBXNativeTarget section */

/* Begin PBXProject section */
		78F539B4259FE77E00FEC89F /* Project object */ = {
			isa = PBXProject;
			attributes = {
				LastSwiftUpdateCheck = 1210;
				LastUpgradeCheck = 1210;
				TargetAttributes = {
					78F539BB259FE77E00FEC89F = {
						CreatedOnToolsVersion = 12.1;
					};
				};
			};
			buildConfigurationList = 78F539B7259FE77E00FEC89F /* Build configuration list for PBXProject "BicycleRent" */;
			compatibilityVersion = "Xcode 9.3";
			developmentRegion = en;
			hasScannedForEncodings = 0;
			knownRegions = (
				en,
				Base,
			);
			mainGroup = 78F539B3259FE77E00FEC89F;
			productRefGroup = 78F539BD259FE77E00FEC89F /* Products */;
			projectDirPath = "";
			projectRoot = "";
			targets = (
				78F539BB259FE77E00FEC89F /* BicycleRent */,
			);
		};
/* End PBXProject section */

/* Begin PBXResourcesBuildPhase section */
		78F539BA259FE77E00FEC89F /* Resources */ = {
			isa = PBXResourcesBuildPhase;
			buildActionMask = 2147483647;
			files = (
				78F539C7259FE78100FEC89F /* Preview Assets.xcassets in Resources */,
				78F539C4259FE78100FEC89F /* Assets.xcassets in Resources */,
			);
			runOnlyForDeploymentPostprocessing = 0;
		};
/* End PBXResourcesBuildPhase section */

/* Begin PBXSourcesBuildPhase section */
		78F539B8259FE77E00FEC89F /* Sources */ = {
			isa = PBXSourcesBuildPhase;
			buildActionMask = 2147483647;
			files = (
				78F539D0259FEFA700FEC89F /* SecondView.swift in Sources */,
				78F53A2425A3C6C800FEC89F /* ThirdView.swift in Sources */,
				78F539C2259FE77E00FEC89F /* ContentView.swift in Sources */,
				78F539C0259FE77E00FEC89F /* BicycleRentApp.swift in Sources */,
				78F53A2025A3C08800FEC89F /* Bicycle.swift in Sources */,
			);
			runOnlyForDeploymentPostprocessing = 0;
		};
/* End PBXSourcesBuildPhase section */

/* Begin XCBuildConfiguration section */
		78F539C9259FE78100FEC89F /* Debug */ = {
			isa = XCBuildConfiguration;
			buildSettings = {
				ALWAYS_SEARCH_USER_PATHS = NO;
				CLANG_ANALYZER_NONNULL = YES;
				CLANG_ANALYZER_NUMBER_OBJECT_CONVERSION = YES_AGGRESSIVE;
				CLANG_CXX_LANGUAGE_STANDARD = "gnu++14";
				CLANG_CXX_LIBRARY = "libc++";
				CLANG_ENABLE_MODULES = YES;
				CLANG_ENABLE_OBJC_ARC = YES;
				CLANG_ENABLE_OBJC_WEAK = YES;
				CLANG_WARN_BLOCK_CAPTURE_AUTORELEASING = YES;
				CLANG_WARN_BOOL_CONVERSION = YES;
				CLANG_WARN_COMMA = YES;
				CLANG_WARN_CONSTANT_CONVERSION = YES;
				CLANG_WARN_DEPRECATED_OBJC_IMPLEMENTATIONS = YES;
				CLANG_WARN_DIRECT_OBJC_ISA_USAGE = YES_ERROR;
				CLANG_WARN_DOCUMENTATION_COMMENTS = YES;
				CLANG_WARN_EMPTY_BODY = YES;
				CLANG_WARN_ENUM_CONVERSION = YES;
				CLANG_WARN_INFINITE_RECURSION = YES;
				CLANG_WARN_INT_CONVERSION = YES;
				CLANG_WARN_NON_LITERAL_NULL_CONVERSION = YES;
				CLANG_WARN_OBJC_IMPLICIT_RETAIN_SELF = YES;
				CLANG_WARN_OBJC_LITERAL_CONVERSION = YES;
				CLANG_WARN_OBJC_ROOT_CLASS = YES_ERROR;
				CLANG_WARN_QUOTED_INCLUDE_IN_FRAMEWORK_HEADER = YES;
				CLANG_WARN_RANGE_LOOP_ANALYSIS = YES;
				CLANG_WARN_STRICT_PROTOTYPES = YES;
				CLANG_WARN_SUSPICIOUS_MOVE = YES;
				CLANG_WARN_UNGUARDED_AVAILABILITY = YES_AGGRESSIVE;
				CLANG_WARN_UNREACHABLE_CODE = YES;
				CLANG_WARN__DUPLICATE_METHOD_MATCH = YES;
				COPY_PHASE_STRIP = NO;
				DEBUG_INFORMATION_FORMAT = dwarf;
				ENABLE_STRICT_OBJC_MSGSEND = YES;
				ENABLE_TESTABILITY = YES;
				GCC_C_LANGUAGE_STANDARD = gnu11;
				GCC_DYNAMIC_NO_PIC = NO;
				GCC_NO_COMMON_BLOCKS = YES;
				GCC_OPTIMIZATION_LEVEL = 0;
				GCC_PREPROCESSOR_DEFINITIONS = (
					"DEBUG=1",
					"$(inherited)",
				);
				GCC_WARN_64_TO_32_BIT_CONVERSION = YES;
				GCC_WARN_ABOUT_RETURN_TYPE = YES_ERROR;
				GCC_WARN_UNDECLARED_SELECTOR = YES;
				GCC_WARN_UNINITIALIZED_AUTOS = YES_AGGRESSIVE;
				GCC_WARN_UNUSED_FUNCTION = YES;
				GCC_WARN_UNUSED_VARIABLE = YES;
				IPHONEOS_DEPLOYMENT_TARGET = 14.1;
				MTL_ENABLE_DEBUG_INFO = INCLUDE_SOURCE;
				MTL_FAST_MATH = YES;
				ONLY_ACTIVE_ARCH = YES;
				SDKROOT = iphoneos;
				SWIFT_ACTIVE_COMPILATION_CONDITIONS = DEBUG;
				SWIFT_OPTIMIZATION_LEVEL = "-Onone";
			};
			name = Debug;
		};
		78F539CA259FE78100FEC89F /* Release */ = {
			isa = XCBuildConfiguration;
			buildSettings = {
				ALWAYS_SEARCH_USER_PATHS = NO;
				CLANG_ANALYZER_NONNULL = YES;
				CLANG_ANALYZER_NUMBER_OBJECT_CONVERSION = YES_AGGRESSIVE;
				CLANG_CXX_LANGUAGE_STANDARD = "gnu++14";
				CLANG_CXX_LIBRARY = "libc++";
				CLANG_ENABLE_MODULES = YES;
				CLANG_ENABLE_OBJC_ARC = YES;
				CLANG_ENABLE_OBJC_WEAK = YES;
				CLANG_WARN_BLOCK_CAPTURE_AUTORELEASING = YES;
				CLANG_WARN_BOOL_CONVERSION = YES;
				CLANG_WARN_COMMA = YES;
				CLANG_WARN_CONSTANT_CONVERSION = YES;
				CLANG_WARN_DEPRECATED_OBJC_IMPLEMENTATIONS = YES;
				CLANG_WARN_DIRECT_OBJC_ISA_USAGE = YES_ERROR;
				CLANG_WARN_DOCUMENTATION_COMMENTS = YES;
				CLANG_WARN_EMPTY_BODY = YES;
				CLANG_WARN_ENUM_CONVERSION = YES;
				CLANG_WARN_INFINITE_RECURSION = YES;
				CLANG_WARN_INT_CONVERSION = YES;
				CLANG_WARN_NON_LITERAL_NULL_CONVERSION = YES;
				CLANG_WARN_OBJC_IMPLICIT_RETAIN_SELF = YES;
				CLANG_WARN_OBJC_LITERAL_CONVERSION = YES;
				CLANG_WARN_OBJC_ROOT_CLASS = YES_ERROR;
				CLANG_WARN_QUOTED_INCLUDE_IN_FRAMEWORK_HEADER = YES;
				CLANG_WARN_RANGE_LOOP_ANALYSIS = YES;
				CLANG_WARN_STRICT_PROTOTYPES = YES;
				CLANG_WARN_SUSPICIOUS_MOVE = YES;
				CLANG_WARN_UNGUARDED_AVAILABILITY = YES_AGGRESSIVE;
				CLANG_WARN_UNREACHABLE_CODE = YES;
				CLANG_WARN__DUPLICATE_METHOD_MATCH = YES;
				COPY_PHASE_STRIP = NO;
				DEBUG_INFORMATION_FORMAT = "dwarf-with-dsym";
				ENABLE_NS_ASSERTIONS = NO;
				ENABLE_STRICT_OBJC_MSGSEND = YES;
				GCC_C_LANGUAGE_STANDARD = gnu11;
				GCC_NO_COMMON_BLOCKS = YES;
				GCC_WARN_64_TO_32_BIT_CONVERSION = YES;
				GCC_WARN_ABOUT_RETURN_TYPE = YES_ERROR;
				GCC_WARN_UNDECLARED_SELECTOR = YES;
				GCC_WARN_UNINITIALIZED_AUTOS = YES_AGGRESSIVE;
				GCC_WARN_UNUSED_FUNCTION = YES;
				GCC_WARN_UNUSED_VARIABLE = YES;
				IPHONEOS_DEPLOYMENT_TARGET = 14.1;
				MTL_ENABLE_DEBUG_INFO = NO;
				MTL_FAST_MATH = YES;
				SDKROOT = iphoneos;
				SWIFT_COMPILATION_MODE = wholemodule;
				SWIFT_OPTIMIZATION_LEVEL = "-O";
				VALIDATE_PRODUCT = YES;
			};
			name = Release;
		};
		78F539CC259FE78100FEC89F /* Debug */ = {
			isa = XCBuildConfiguration;
			buildSettings = {
				ASSETCATALOG_COMPILER_APPICON_NAME = AppIcon;
				ASSETCATALOG_COMPILER_GLOBAL_ACCENT_COLOR_NAME = AccentColor;
				CODE_SIGN_STYLE = Automatic;
				DEVELOPMENT_ASSET_PATHS = "\"BicycleRent/Preview Content\"";
				ENABLE_PREVIEWS = YES;
				INFOPLIST_FILE = BicycleRent/Info.plist;
				IPHONEOS_DEPLOYMENT_TARGET = 14.0;
				LD_RUNPATH_SEARCH_PATHS = (
					"$(inherited)",
					"@executable_path/Frameworks",
				);
				PRODUCT_BUNDLE_IDENTIFIER = com.bashayer.BicycleRent;
				PRODUCT_NAME = "$(TARGET_NAME)";
				SWIFT_VERSION = 5.0;
				TARGETED_DEVICE_FAMILY = "1,2";
			};
			name = Debug;
		};
		78F539CD259FE78100FEC89F /* Release */ = {
			isa = XCBuildConfiguration;
			buildSettings = {
				ASSETCATALOG_COMPILER_APPICON_NAME = AppIcon;
				ASSETCATALOG_COMPILER_GLOBAL_ACCENT_COLOR_NAME = AccentColor;
				CODE_SIGN_STYLE = Automatic;
				DEVELOPMENT_ASSET_PATHS = "\"BicycleRent/Preview Content\"";
				ENABLE_PREVIEWS = YES;
				INFOPLIST_FILE = BicycleRent/Info.plist;
				IPHONEOS_DEPLOYMENT_TARGET = 14.0;
				LD_RUNPATH_SEARCH_PATHS = (
					"$(inherited)",
					"@executable_path/Frameworks",
				);
				PRODUCT_BUNDLE_IDENTIFIER = com.bashayer.BicycleRent;
				PRODUCT_NAME = "$(TARGET_NAME)";
				SWIFT_VERSION = 5.0;
				TARGETED_DEVICE_FAMILY = "1,2";
			};
			name = Release;
		};
/* End XCBuildConfiguration section */

/* Begin XCConfigurationList section */
		78F539B7259FE77E00FEC89F /* Build configuration list for PBXProject "BicycleRent" */ = {
			isa = XCConfigurationList;
			buildConfigurations = (
				78F539C9259FE78100FEC89F /* Debug */,
				78F539CA259FE78100FEC89F /* Release */,
			);
			defaultConfigurationIsVisible = 0;
			defaultConfigurationName = Release;
		};
		78F539CB259FE78100FEC89F /* Build configuration list for PBXNativeTarget "BicycleRent" */ = {
			isa = XCConfigurationList;
			buildConfigurations = (
				78F539CC259FE78100FEC89F /* Debug */,
				78F539CD259FE78100FEC89F /* Release */,
			);
			defaultConfigurationIsVisible = 0;
			defaultConfigurationName = Release;
		};
/* End XCConfigurationList section */
	};
	rootObject = 78F539B4259FE77E00FEC89F /* Project object */;
}
